// !$*UTF8*$!
{
	archiveVersion = 1;
	classes = {
	};
	objectVersion = 46;
	objects = {

/* Begin PBXBuildFile section */
		25FDEA6A2188BD9E00407816 /* Company.m in Sources */ = {isa = PBXBuildFile; fileRef = 25FDEA692188BD9E00407816 /* Company.m */; };
		25FDEA6D2188BDAD00407816 /* Product.m in Sources */ = {isa = PBXBuildFile; fileRef = 25FDEA6C2188BDAD00407816 /* Product.m */; };
		25FDEA712188BED100407816 /* Manager.m in Sources */ = {isa = PBXBuildFile; fileRef = 25FDEA702188BED100407816 /* Manager.m */; };
		25FDEA7E2188E6A900407816 /* HomeVC.m in Sources */ = {isa = PBXBuildFile; fileRef = 25FDEA7C2188E6A900407816 /* HomeVC.m */; };
		25FDEA7F2188E6A900407816 /* HomeVC.xib in Resources */ = {isa = PBXBuildFile; fileRef = 25FDEA7D2188E6A900407816 /* HomeVC.xib */; };
		25FDEA832188F60A00407816 /* AddCompanyVC.xib in Resources */ = {isa = PBXBuildFile; fileRef = 25FDEA822188F60A00407816 /* AddCompanyVC.xib */; };
		25FDEA852188F62300407816 /* AddProductVC.xib in Resources */ = {isa = PBXBuildFile; fileRef = 25FDEA842188F62300407816 /* AddProductVC.xib */; };
		25FDEA882188F70200407816 /* AddCompanyVC.m in Sources */ = {isa = PBXBuildFile; fileRef = 25FDEA872188F70200407816 /* AddCompanyVC.m */; };
		25FDEA8C2189FEB200407816 /* AppUtils.m in Sources */ = {isa = PBXBuildFile; fileRef = 25FDEA8B2189FEB200407816 /* AppUtils.m */; };
		25FDEA92218A359100407816 /* CompanyTableViewCell.m in Sources */ = {isa = PBXBuildFile; fileRef = 25FDEA90218A359100407816 /* CompanyTableViewCell.m */; };
		25FDEA93218A359100407816 /* CompanyTableViewCell.xib in Resources */ = {isa = PBXBuildFile; fileRef = 25FDEA91218A359100407816 /* CompanyTableViewCell.xib */; };
		25FDEA98218A3A3800407816 /* ProductListVC.xib in Resources */ = {isa = PBXBuildFile; fileRef = 25FDEA96218A3A3800407816 /* ProductListVC.xib */; };
		25FDEA9C218A3A6700407816 /* ProductListVC.m in Sources */ = {isa = PBXBuildFile; fileRef = 25FDEA9B218A3A6700407816 /* ProductListVC.m */; };
		25FDEAA0218B4FBE00407816 /* AddProductVC.m in Sources */ = {isa = PBXBuildFile; fileRef = 25FDEA9E218B4FBE00407816 /* AddProductVC.m */; };
		25FDEAA6218B636500407816 /* ProductDetailVC.m in Sources */ = {isa = PBXBuildFile; fileRef = 25FDEAA4218B636500407816 /* ProductDetailVC.m */; };
		25FDEAA7218B636500407816 /* ProductDetailVC.xib in Resources */ = {isa = PBXBuildFile; fileRef = 25FDEAA5218B636500407816 /* ProductDetailVC.xib */; };
		25FDEAAB2190C57A00407816 /* StockFetcher.m in Sources */ = {isa = PBXBuildFile; fileRef = 25FDEAAA2190C57900407816 /* StockFetcher.m */; };
		25FDEAB22191F9A600407816 /* Reachability.m in Sources */ = {isa = PBXBuildFile; fileRef = 25FDEAB12191F9A600407816 /* Reachability.m */; };
		25FDEABC2191FD1100407816 /* iToast.m in Sources */ = {isa = PBXBuildFile; fileRef = 25FDEABB2191FD1000407816 /* iToast.m */; };
		25FDEAC72192317100407816 /* Model.xcdatamodel in Sources */ = {isa = PBXBuildFile; fileRef = 25FDEAC62192317100407816 /* Model.xcdatamodel */; };
		48A656B518163BF200746D36 /* Foundation.framework in Frameworks */ = {isa = PBXBuildFile; fileRef = 48A656B418163BF200746D36 /* Foundation.framework */; };
		48A656B718163BF200746D36 /* CoreGraphics.framework in Frameworks */ = {isa = PBXBuildFile; fileRef = 48A656B618163BF200746D36 /* CoreGraphics.framework */; };
		48A656B918163BF200746D36 /* UIKit.framework in Frameworks */ = {isa = PBXBuildFile; fileRef = 48A656B818163BF200746D36 /* UIKit.framework */; };
		48A656BF18163BF200746D36 /* InfoPlist.strings in Resources */ = {isa = PBXBuildFile; fileRef = 48A656BD18163BF200746D36 /* InfoPlist.strings */; };
		48A656C118163BF200746D36 /* main.m in Sources */ = {isa = PBXBuildFile; fileRef = 48A656C018163BF200746D36 /* main.m */; };
		48A656C518163BF200746D36 /* NavControllerAppDelegate.m in Sources */ = {isa = PBXBuildFile; fileRef = 48A656C418163BF200746D36 /* NavControllerAppDelegate.m */; };
		48A656C718163BF200746D36 /* Images.xcassets in Resources */ = {isa = PBXBuildFile; fileRef = 48A656C618163BF200746D36 /* Images.xcassets */; };
		48A656CE18163BF200746D36 /* XCTest.framework in Frameworks */ = {isa = PBXBuildFile; fileRef = 48A656CD18163BF200746D36 /* XCTest.framework */; };
		48A656CF18163BF200746D36 /* Foundation.framework in Frameworks */ = {isa = PBXBuildFile; fileRef = 48A656B418163BF200746D36 /* Foundation.framework */; };
		48A656D018163BF200746D36 /* UIKit.framework in Frameworks */ = {isa = PBXBuildFile; fileRef = 48A656B818163BF200746D36 /* UIKit.framework */; };
		48A656D818163BF200746D36 /* InfoPlist.strings in Resources */ = {isa = PBXBuildFile; fileRef = 48A656D618163BF200746D36 /* InfoPlist.strings */; };
		48A656DA18163BF200746D36 /* NavCtrlTests.m in Sources */ = {isa = PBXBuildFile; fileRef = 48A656D918163BF200746D36 /* NavCtrlTests.m */; };
		48A656EE1816468000746D36 /* Sunflower.gif in Resources */ = {isa = PBXBuildFile; fileRef = 48A656ED1816468000746D36 /* Sunflower.gif */; };
		9E62FF211E4A33DC002D55B8 /* CompanyVC.m in Sources */ = {isa = PBXBuildFile; fileRef = 9E62FF1F1E4A33DC002D55B8 /* CompanyVC.m */; };
		9E62FF221E4A33DC002D55B8 /* CompanyVC.xib in Resources */ = {isa = PBXBuildFile; fileRef = 9E62FF201E4A33DC002D55B8 /* CompanyVC.xib */; };
		9E62FF261E4A33F1002D55B8 /* ProductVC.m in Sources */ = {isa = PBXBuildFile; fileRef = 9E62FF241E4A33F1002D55B8 /* ProductVC.m */; };
		9E62FF271E4A33F1002D55B8 /* ProductVC.xib in Resources */ = {isa = PBXBuildFile; fileRef = 9E62FF251E4A33F1002D55B8 /* ProductVC.xib */; };
		9E62FF291E4A3982002D55B8 /* Launch Screen.storyboard in Resources */ = {isa = PBXBuildFile; fileRef = 9E62FF281E4A3982002D55B8 /* Launch Screen.storyboard */; };
/* End PBXBuildFile section */

/* Begin PBXContainerItemProxy section */
		48A656D118163BF200746D36 /* PBXContainerItemProxy */ = {
			isa = PBXContainerItemProxy;
			containerPortal = 48A656A918163BF200746D36 /* Project object */;
			proxyType = 1;
			remoteGlobalIDString = 48A656B018163BF200746D36;
			remoteInfo = NavCtrl;
		};
/* End PBXContainerItemProxy section */

/* Begin PBXFileReference section */
		25FDEA682188BD9E00407816 /* Company.h */ = {isa = PBXFileReference; lastKnownFileType = sourcecode.c.h; path = Company.h; sourceTree = "<group>"; };
		25FDEA692188BD9E00407816 /* Company.m */ = {isa = PBXFileReference; lastKnownFileType = sourcecode.c.objc; path = Company.m; sourceTree = "<group>"; };
		25FDEA6B2188BDAD00407816 /* Product.h */ = {isa = PBXFileReference; lastKnownFileType = sourcecode.c.h; path = Product.h; sourceTree = "<group>"; };
		25FDEA6C2188BDAD00407816 /* Product.m */ = {isa = PBXFileReference; lastKnownFileType = sourcecode.c.objc; path = Product.m; sourceTree = "<group>"; };
		25FDEA6F2188BED100407816 /* Manager.h */ = {isa = PBXFileReference; lastKnownFileType = sourcecode.c.h; path = Manager.h; sourceTree = "<group>"; };
		25FDEA702188BED100407816 /* Manager.m */ = {isa = PBXFileReference; lastKnownFileType = sourcecode.c.objc; path = Manager.m; sourceTree = "<group>"; };
		25FDEA7B2188E6A900407816 /* HomeVC.h */ = {isa = PBXFileReference; lastKnownFileType = sourcecode.c.h; path = HomeVC.h; sourceTree = "<group>"; };
		25FDEA7C2188E6A900407816 /* HomeVC.m */ = {isa = PBXFileReference; lastKnownFileType = sourcecode.c.objc; path = HomeVC.m; sourceTree = "<group>"; };
		25FDEA7D2188E6A900407816 /* HomeVC.xib */ = {isa = PBXFileReference; lastKnownFileType = file.xib; path = HomeVC.xib; sourceTree = "<group>"; };
		25FDEA822188F60A00407816 /* AddCompanyVC.xib */ = {isa = PBXFileReference; lastKnownFileType = file.xib; path = AddCompanyVC.xib; sourceTree = "<group>"; };
		25FDEA842188F62300407816 /* AddProductVC.xib */ = {isa = PBXFileReference; lastKnownFileType = file.xib; path = AddProductVC.xib; sourceTree = "<group>"; };
		25FDEA862188F70200407816 /* AddCompanyVC.h */ = {isa = PBXFileReference; lastKnownFileType = sourcecode.c.h; path = AddCompanyVC.h; sourceTree = "<group>"; };
		25FDEA872188F70200407816 /* AddCompanyVC.m */ = {isa = PBXFileReference; lastKnownFileType = sourcecode.c.objc; path = AddCompanyVC.m; sourceTree = "<group>"; };
		25FDEA8A2189FEB200407816 /* AppUtils.h */ = {isa = PBXFileReference; lastKnownFileType = sourcecode.c.h; path = AppUtils.h; sourceTree = "<group>"; };
		25FDEA8B2189FEB200407816 /* AppUtils.m */ = {isa = PBXFileReference; lastKnownFileType = sourcecode.c.objc; path = AppUtils.m; sourceTree = "<group>"; };
		25FDEA8F218A359100407816 /* CompanyTableViewCell.h */ = {isa = PBXFileReference; lastKnownFileType = sourcecode.c.h; path = CompanyTableViewCell.h; sourceTree = "<group>"; };
		25FDEA90218A359100407816 /* CompanyTableViewCell.m */ = {isa = PBXFileReference; lastKnownFileType = sourcecode.c.objc; path = CompanyTableViewCell.m; sourceTree = "<group>"; };
		25FDEA91218A359100407816 /* CompanyTableViewCell.xib */ = {isa = PBXFileReference; lastKnownFileType = file.xib; path = CompanyTableViewCell.xib; sourceTree = "<group>"; };
		25FDEA96218A3A3800407816 /* ProductListVC.xib */ = {isa = PBXFileReference; lastKnownFileType = file.xib; path = ProductListVC.xib; sourceTree = "<group>"; };
		25FDEA9A218A3A6700407816 /* ProductListVC.h */ = {isa = PBXFileReference; fileEncoding = 4; lastKnownFileType = sourcecode.c.h; path = ProductListVC.h; sourceTree = "<group>"; };
		25FDEA9B218A3A6700407816 /* ProductListVC.m */ = {isa = PBXFileReference; fileEncoding = 4; lastKnownFileType = sourcecode.c.objc; path = ProductListVC.m; sourceTree = "<group>"; };
		25FDEA9D218B4FBE00407816 /* AddProductVC.h */ = {isa = PBXFileReference; lastKnownFileType = sourcecode.c.h; path = AddProductVC.h; sourceTree = "<group>"; };
		25FDEA9E218B4FBE00407816 /* AddProductVC.m */ = {isa = PBXFileReference; lastKnownFileType = sourcecode.c.objc; path = AddProductVC.m; sourceTree = "<group>"; };
		25FDEAA3218B636500407816 /* ProductDetailVC.h */ = {isa = PBXFileReference; lastKnownFileType = sourcecode.c.h; path = ProductDetailVC.h; sourceTree = "<group>"; };
		25FDEAA4218B636500407816 /* ProductDetailVC.m */ = {isa = PBXFileReference; lastKnownFileType = sourcecode.c.objc; path = ProductDetailVC.m; sourceTree = "<group>"; };
		25FDEAA5218B636500407816 /* ProductDetailVC.xib */ = {isa = PBXFileReference; lastKnownFileType = file.xib; path = ProductDetailVC.xib; sourceTree = "<group>"; };
		25FDEAA92190C57900407816 /* StockFetcher.h */ = {isa = PBXFileReference; lastKnownFileType = sourcecode.c.h; path = StockFetcher.h; sourceTree = "<group>"; };
		25FDEAAA2190C57900407816 /* StockFetcher.m */ = {isa = PBXFileReference; lastKnownFileType = sourcecode.c.objc; path = StockFetcher.m; sourceTree = "<group>"; };
		25FDEAAC2190C5C900407816 /* StockFetcherDelegate.h */ = {isa = PBXFileReference; lastKnownFileType = sourcecode.c.h; path = StockFetcherDelegate.h; sourceTree = "<group>"; };
		25FDEAB02191F9A600407816 /* Reachability.h */ = {isa = PBXFileReference; fileEncoding = 4; lastKnownFileType = sourcecode.c.h; path = Reachability.h; sourceTree = "<group>"; };
		25FDEAB12191F9A600407816 /* Reachability.m */ = {isa = PBXFileReference; fileEncoding = 4; lastKnownFileType = sourcecode.c.objc; path = Reachability.m; sourceTree = "<group>"; };
		25FDEABA2191FD1000407816 /* iToast.h */ = {isa = PBXFileReference; fileEncoding = 4; lastKnownFileType = sourcecode.c.h; path = iToast.h; sourceTree = "<group>"; };
		25FDEABB2191FD1000407816 /* iToast.m */ = {isa = PBXFileReference; fileEncoding = 4; lastKnownFileType = sourcecode.c.objc; path = iToast.m; sourceTree = "<group>"; };
		25FDEAC62192317100407816 /* Model.xcdatamodel */ = {isa = PBXFileReference; lastKnownFileType = wrapper.xcdatamodel; path = Model.xcdatamodel; sourceTree = "<group>"; };
		48A656B118163BF200746D36 /* NavCtrl.app */ = {isa = PBXFileReference; explicitFileType = wrapper.application; includeInIndex = 0; path = NavCtrl.app; sourceTree = BUILT_PRODUCTS_DIR; };
		48A656B418163BF200746D36 /* Foundation.framework */ = {isa = PBXFileReference; lastKnownFileType = wrapper.framework; name = Foundation.framework; path = System/Library/Frameworks/Foundation.framework; sourceTree = SDKROOT; };
		48A656B618163BF200746D36 /* CoreGraphics.framework */ = {isa = PBXFileReference; lastKnownFileType = wrapper.framework; name = CoreGraphics.framework; path = System/Library/Frameworks/CoreGraphics.framework; sourceTree = SDKROOT; };
		48A656B818163BF200746D36 /* UIKit.framework */ = {isa = PBXFileReference; lastKnownFileType = wrapper.framework; name = UIKit.framework; path = System/Library/Frameworks/UIKit.framework; sourceTree = SDKROOT; };
		48A656BC18163BF200746D36 /* NavCtrl-Info.plist */ = {isa = PBXFileReference; lastKnownFileType = text.plist.xml; path = "NavCtrl-Info.plist"; sourceTree = "<group>"; };
		48A656BE18163BF200746D36 /* en */ = {isa = PBXFileReference; lastKnownFileType = text.plist.strings; name = en; path = en.lproj/InfoPlist.strings; sourceTree = "<group>"; };
		48A656C018163BF200746D36 /* main.m */ = {isa = PBXFileReference; lastKnownFileType = sourcecode.c.objc; path = main.m; sourceTree = "<group>"; };
		48A656C218163BF200746D36 /* NavCtrl-Prefix.pch */ = {isa = PBXFileReference; lastKnownFileType = sourcecode.c.h; path = "NavCtrl-Prefix.pch"; sourceTree = "<group>"; };
		48A656C318163BF200746D36 /* NavControllerAppDelegate.h */ = {isa = PBXFileReference; lastKnownFileType = sourcecode.c.h; path = NavControllerAppDelegate.h; sourceTree = "<group>"; };
		48A656C418163BF200746D36 /* NavControllerAppDelegate.m */ = {isa = PBXFileReference; lastKnownFileType = sourcecode.c.objc; path = NavControllerAppDelegate.m; sourceTree = "<group>"; };
		48A656C618163BF200746D36 /* Images.xcassets */ = {isa = PBXFileReference; lastKnownFileType = folder.assetcatalog; path = Images.xcassets; sourceTree = "<group>"; };
		48A656CC18163BF200746D36 /* NavCtrlTests.xctest */ = {isa = PBXFileReference; explicitFileType = wrapper.cfbundle; includeInIndex = 0; path = NavCtrlTests.xctest; sourceTree = BUILT_PRODUCTS_DIR; };
		48A656CD18163BF200746D36 /* XCTest.framework */ = {isa = PBXFileReference; lastKnownFileType = wrapper.framework; name = XCTest.framework; path = Library/Frameworks/XCTest.framework; sourceTree = DEVELOPER_DIR; };
		48A656D518163BF200746D36 /* NavCtrlTests-Info.plist */ = {isa = PBXFileReference; lastKnownFileType = text.plist.xml; path = "NavCtrlTests-Info.plist"; sourceTree = "<group>"; };
		48A656D718163BF200746D36 /* en */ = {isa = PBXFileReference; lastKnownFileType = text.plist.strings; name = en; path = en.lproj/InfoPlist.strings; sourceTree = "<group>"; };
		48A656D918163BF200746D36 /* NavCtrlTests.m */ = {isa = PBXFileReference; lastKnownFileType = sourcecode.c.objc; path = NavCtrlTests.m; sourceTree = "<group>"; };
		48A656ED1816468000746D36 /* Sunflower.gif */ = {isa = PBXFileReference; lastKnownFileType = image.gif; path = Sunflower.gif; sourceTree = "<group>"; };
		9E62FF1E1E4A33DC002D55B8 /* CompanyVC.h */ = {isa = PBXFileReference; fileEncoding = 4; lastKnownFileType = sourcecode.c.h; path = CompanyVC.h; sourceTree = "<group>"; };
		9E62FF1F1E4A33DC002D55B8 /* CompanyVC.m */ = {isa = PBXFileReference; fileEncoding = 4; lastKnownFileType = sourcecode.c.objc; path = CompanyVC.m; sourceTree = "<group>"; };
		9E62FF201E4A33DC002D55B8 /* CompanyVC.xib */ = {isa = PBXFileReference; fileEncoding = 4; lastKnownFileType = file.xib; path = CompanyVC.xib; sourceTree = "<group>"; };
		9E62FF231E4A33F1002D55B8 /* ProductVC.h */ = {isa = PBXFileReference; fileEncoding = 4; lastKnownFileType = sourcecode.c.h; path = ProductVC.h; sourceTree = "<group>"; };
		9E62FF241E4A33F1002D55B8 /* ProductVC.m */ = {isa = PBXFileReference; fileEncoding = 4; lastKnownFileType = sourcecode.c.objc; path = ProductVC.m; sourceTree = "<group>"; };
		9E62FF251E4A33F1002D55B8 /* ProductVC.xib */ = {isa = PBXFileReference; fileEncoding = 4; lastKnownFileType = file.xib; path = ProductVC.xib; sourceTree = "<group>"; };
		9E62FF281E4A3982002D55B8 /* Launch Screen.storyboard */ = {isa = PBXFileReference; fileEncoding = 4; lastKnownFileType = file.storyboard; path = "Launch Screen.storyboard"; sourceTree = "<group>"; };
/* End PBXFileReference section */

/* Begin PBXFrameworksBuildPhase section */
		48A656AE18163BF200746D36 /* Frameworks */ = {
			isa = PBXFrameworksBuildPhase;
			buildActionMask = 2147483647;
			files = (
				48A656B718163BF200746D36 /* CoreGraphics.framework in Frameworks */,
				48A656B918163BF200746D36 /* UIKit.framework in Frameworks */,
				48A656B518163BF200746D36 /* Foundation.framework in Frameworks */,
			);
			runOnlyForDeploymentPostprocessing = 0;
		};
		48A656C918163BF200746D36 /* Frameworks */ = {
			isa = PBXFrameworksBuildPhase;
			buildActionMask = 2147483647;
			files = (
				48A656CE18163BF200746D36 /* XCTest.framework in Frameworks */,
				48A656D018163BF200746D36 /* UIKit.framework in Frameworks */,
				48A656CF18163BF200746D36 /* Foundation.framework in Frameworks */,
			);
			runOnlyForDeploymentPostprocessing = 0;
		};
/* End PBXFrameworksBuildPhase section */

/* Begin PBXGroup section */
		25FDEA5E2188BD2B00407816 /* Model */ = {
			isa = PBXGroup;
			children = (
				25FDEAA82190C56300407816 /* StockFetcher */,
				25FDEA6E2188BEC400407816 /* Manager */,
				25FDEA672188BD9000407816 /* Company */,
				25FDEA662188BD9000407816 /* Product */,
			);
			path = Model;
			sourceTree = "<group>";
		};
		25FDEA662188BD9000407816 /* Product */ = {
			isa = PBXGroup;
			children = (
				25FDEA6B2188BDAD00407816 /* Product.h */,
				25FDEA6C2188BDAD00407816 /* Product.m */,
			);
			path = Product;
			sourceTree = "<group>";
		};
		25FDEA672188BD9000407816 /* Company */ = {
			isa = PBXGroup;
			children = (
				25FDEA682188BD9E00407816 /* Company.h */,
				25FDEA692188BD9E00407816 /* Company.m */,
			);
			path = Company;
			sourceTree = "<group>";
		};
		25FDEA6E2188BEC400407816 /* Manager */ = {
			isa = PBXGroup;
			children = (
				25FDEA6F2188BED100407816 /* Manager.h */,
				25FDEA702188BED100407816 /* Manager.m */,
			);
			path = Manager;
			sourceTree = "<group>";
		};
		25FDEA762188E5A000407816 /* Views */ = {
			isa = PBXGroup;
			children = (
				25FDEA7D2188E6A900407816 /* HomeVC.xib */,
				25FDEA822188F60A00407816 /* AddCompanyVC.xib */,
				25FDEA96218A3A3800407816 /* ProductListVC.xib */,
				25FDEA842188F62300407816 /* AddProductVC.xib */,
				25FDEAA5218B636500407816 /* ProductDetailVC.xib */,
				9E62FF201E4A33DC002D55B8 /* CompanyVC.xib */,
				9E62FF251E4A33F1002D55B8 /* ProductVC.xib */,
			);
			path = Views;
			sourceTree = "<group>";
		};
		25FDEA772188E5A000407816 /* Controller */ = {
			isa = PBXGroup;
			children = (
				25FDEA7A2188E65F00407816 /* HomeVC */,
				25FDEA802188F5BB00407816 /* AddCompanyVC */,
				25FDEA99218A3A6700407816 /* ProductListVC */,
				25FDEA812188F5E200407816 /* AddProductVC */,
				25FDEAA2218B635000407816 /* ProductDetailVC */,
				25FDEA792188E5F700407816 /* CompanyVC */,
				25FDEA782188E5F700407816 /* ProductVC */,
			);
			path = Controller;
			sourceTree = "<group>";
		};
		25FDEA782188E5F700407816 /* ProductVC */ = {
			isa = PBXGroup;
			children = (
				9E62FF231E4A33F1002D55B8 /* ProductVC.h */,
				9E62FF241E4A33F1002D55B8 /* ProductVC.m */,
			);
			path = ProductVC;
			sourceTree = "<group>";
		};
		25FDEA792188E5F700407816 /* CompanyVC */ = {
			isa = PBXGroup;
			children = (
				9E62FF1E1E4A33DC002D55B8 /* CompanyVC.h */,
				9E62FF1F1E4A33DC002D55B8 /* CompanyVC.m */,
			);
			path = CompanyVC;
			sourceTree = "<group>";
		};
		25FDEA7A2188E65F00407816 /* HomeVC */ = {
			isa = PBXGroup;
			children = (
				25FDEA7B2188E6A900407816 /* HomeVC.h */,
				25FDEA7C2188E6A900407816 /* HomeVC.m */,
			);
			path = HomeVC;
			sourceTree = "<group>";
		};
		25FDEA802188F5BB00407816 /* AddCompanyVC */ = {
			isa = PBXGroup;
			children = (
				25FDEA862188F70200407816 /* AddCompanyVC.h */,
				25FDEA872188F70200407816 /* AddCompanyVC.m */,
			);
			path = AddCompanyVC;
			sourceTree = "<group>";
		};
		25FDEA812188F5E200407816 /* AddProductVC */ = {
			isa = PBXGroup;
			children = (
				25FDEA9D218B4FBE00407816 /* AddProductVC.h */,
				25FDEA9E218B4FBE00407816 /* AddProductVC.m */,
			);
			name = AddProductVC;
			path = NavCtrl/Controller/AddProductVC;
			sourceTree = SOURCE_ROOT;
		};
		25FDEA892189FE9E00407816 /* AppUtils */ = {
			isa = PBXGroup;
			children = (
				25FDEAB92191FD1000407816 /* iToast */,
				25FDEAAF2191F9A600407816 /* Reachability */,
				25FDEA8A2189FEB200407816 /* AppUtils.h */,
				25FDEA8B2189FEB200407816 /* AppUtils.m */,
			);
			path = AppUtils;
			sourceTree = "<group>";
		};
		25FDEA8E218A355B00407816 /* Custom Views */ = {
			isa = PBXGroup;
			children = (
				25FDEA8F218A359100407816 /* CompanyTableViewCell.h */,
				25FDEA90218A359100407816 /* CompanyTableViewCell.m */,
				25FDEA91218A359100407816 /* CompanyTableViewCell.xib */,
			);
			path = "Custom Views";
			sourceTree = "<group>";
		};
		25FDEA99218A3A6700407816 /* ProductListVC */ = {
			isa = PBXGroup;
			children = (
				25FDEA9A218A3A6700407816 /* ProductListVC.h */,
				25FDEA9B218A3A6700407816 /* ProductListVC.m */,
			);
			path = ProductListVC;
			sourceTree = "<group>";
		};
		25FDEAA2218B635000407816 /* ProductDetailVC */ = {
			isa = PBXGroup;
			children = (
				25FDEAA3218B636500407816 /* ProductDetailVC.h */,
				25FDEAA4218B636500407816 /* ProductDetailVC.m */,
			);
			path = ProductDetailVC;
			sourceTree = "<group>";
		};
		25FDEAA82190C56300407816 /* StockFetcher */ = {
			isa = PBXGroup;
			children = (
				25FDEAA92190C57900407816 /* StockFetcher.h */,
				25FDEAAA2190C57900407816 /* StockFetcher.m */,
				25FDEAAC2190C5C900407816 /* StockFetcherDelegate.h */,
			);
			path = StockFetcher;
			sourceTree = "<group>";
		};
		25FDEAAF2191F9A600407816 /* Reachability */ = {
			isa = PBXGroup;
			children = (
				25FDEAB02191F9A600407816 /* Reachability.h */,
				25FDEAB12191F9A600407816 /* Reachability.m */,
			);
			path = Reachability;
			sourceTree = "<group>";
		};
		25FDEAB92191FD1000407816 /* iToast */ = {
			isa = PBXGroup;
			children = (
				25FDEABA2191FD1000407816 /* iToast.h */,
				25FDEABB2191FD1000407816 /* iToast.m */,
			);
			path = iToast;
			sourceTree = "<group>";
		};
		483796CB1BCBF7A00062D5AB /* AppDelegate */ = {
			isa = PBXGroup;
			children = (
				48A656C318163BF200746D36 /* NavControllerAppDelegate.h */,
				48A656C418163BF200746D36 /* NavControllerAppDelegate.m */,
			);
			name = AppDelegate;
			sourceTree = "<group>";
		};
		48A656A818163BF200746D36 = {
			isa = PBXGroup;
			children = (
				48A656BA18163BF200746D36 /* NavCtrl */,
				48A656D318163BF200746D36 /* NavCtrlTests */,
				48A656B318163BF200746D36 /* Frameworks */,
				48A656B218163BF200746D36 /* Products */,
			);
			sourceTree = "<group>";
		};
		48A656B218163BF200746D36 /* Products */ = {
			isa = PBXGroup;
			children = (
				48A656B118163BF200746D36 /* NavCtrl.app */,
				48A656CC18163BF200746D36 /* NavCtrlTests.xctest */,
			);
			name = Products;
			sourceTree = "<group>";
		};
		48A656B318163BF200746D36 /* Frameworks */ = {
			isa = PBXGroup;
			children = (
				48A656B418163BF200746D36 /* Foundation.framework */,
				48A656B618163BF200746D36 /* CoreGraphics.framework */,
				48A656B818163BF200746D36 /* UIKit.framework */,
				48A656CD18163BF200746D36 /* XCTest.framework */,
			);
			name = Frameworks;
			sourceTree = "<group>";
		};
		48A656BA18163BF200746D36 /* NavCtrl */ = {
			isa = PBXGroup;
			children = (
				25FDEAC62192317100407816 /* Model.xcdatamodel */,
				25FDEA892189FE9E00407816 /* AppUtils */,
				483796CB1BCBF7A00062D5AB /* AppDelegate */,
				25FDEA8E218A355B00407816 /* Custom Views */,
				25FDEA5E2188BD2B00407816 /* Model */,
				25FDEA762188E5A000407816 /* Views */,
				25FDEA772188E5A000407816 /* Controller */,
				48A656C618163BF200746D36 /* Images.xcassets */,
				48A656BB18163BF200746D36 /* Supporting Files */,
			);
			path = NavCtrl;
			sourceTree = "<group>";
		};
		48A656BB18163BF200746D36 /* Supporting Files */ = {
			isa = PBXGroup;
			children = (
				48A656BC18163BF200746D36 /* NavCtrl-Info.plist */,
				48A656BD18163BF200746D36 /* InfoPlist.strings */,
				48A656ED1816468000746D36 /* Sunflower.gif */,
				48A656C018163BF200746D36 /* main.m */,
				48A656C218163BF200746D36 /* NavCtrl-Prefix.pch */,
				9E62FF281E4A3982002D55B8 /* Launch Screen.storyboard */,
			);
			name = "Supporting Files";
			sourceTree = "<group>";
		};
		48A656D318163BF200746D36 /* NavCtrlTests */ = {
			isa = PBXGroup;
			children = (
				48A656D918163BF200746D36 /* NavCtrlTests.m */,
				48A656D418163BF200746D36 /* Supporting Files */,
			);
			path = NavCtrlTests;
			sourceTree = "<group>";
		};
		48A656D418163BF200746D36 /* Supporting Files */ = {
			isa = PBXGroup;
			children = (
				48A656D518163BF200746D36 /* NavCtrlTests-Info.plist */,
				48A656D618163BF200746D36 /* InfoPlist.strings */,
			);
			name = "Supporting Files";
			sourceTree = "<group>";
		};
/* End PBXGroup section */

/* Begin PBXNativeTarget section */
		48A656B018163BF200746D36 /* NavCtrl */ = {
			isa = PBXNativeTarget;
			buildConfigurationList = 48A656DD18163BF200746D36 /* Build configuration list for PBXNativeTarget "NavCtrl" */;
			buildPhases = (
				48A656AD18163BF200746D36 /* Sources */,
				48A656AE18163BF200746D36 /* Frameworks */,
				48A656AF18163BF200746D36 /* Resources */,
			);
			buildRules = (
			);
			dependencies = (
			);
			name = NavCtrl;
			productName = NavCtrl;
			productReference = 48A656B118163BF200746D36 /* NavCtrl.app */;
			productType = "com.apple.product-type.application";
		};
		48A656CB18163BF200746D36 /* NavCtrlTests */ = {
			isa = PBXNativeTarget;
			buildConfigurationList = 48A656E018163BF200746D36 /* Build configuration list for PBXNativeTarget "NavCtrlTests" */;
			buildPhases = (
				48A656C818163BF200746D36 /* Sources */,
				48A656C918163BF200746D36 /* Frameworks */,
				48A656CA18163BF200746D36 /* Resources */,
			);
			buildRules = (
			);
			dependencies = (
				48A656D218163BF200746D36 /* PBXTargetDependency */,
			);
			name = NavCtrlTests;
			productName = NavCtrlTests;
			productReference = 48A656CC18163BF200746D36 /* NavCtrlTests.xctest */;
			productType = "com.apple.product-type.bundle.unit-test";
		};
/* End PBXNativeTarget section */

/* Begin PBXProject section */
		48A656A918163BF200746D36 /* Project object */ = {
			isa = PBXProject;
			attributes = {
				CLASSPREFIX = qcdDemo;
				LastUpgradeCheck = 0820;
				ORGANIZATIONNAME = "Aditya Narayan";
				TargetAttributes = {
					48A656CB18163BF200746D36 = {
						TestTargetID = 48A656B018163BF200746D36;
					};
				};
			};
			buildConfigurationList = 48A656AC18163BF200746D36 /* Build configuration list for PBXProject "NavCtrl" */;
			compatibilityVersion = "Xcode 3.2";
			developmentRegion = English;
			hasScannedForEncodings = 0;
			knownRegions = (
				en,
			);
			mainGroup = 48A656A818163BF200746D36;
			productRefGroup = 48A656B218163BF200746D36 /* Products */;
			projectDirPath = "";
			projectRoot = "";
			targets = (
				48A656B018163BF200746D36 /* NavCtrl */,
				48A656CB18163BF200746D36 /* NavCtrlTests */,
			);
		};
/* End PBXProject section */

/* Begin PBXResourcesBuildPhase section */
		48A656AF18163BF200746D36 /* Resources */ = {
			isa = PBXResourcesBuildPhase;
			buildActionMask = 2147483647;
			files = (
				25FDEA98218A3A3800407816 /* ProductListVC.xib in Resources */,
				9E62FF291E4A3982002D55B8 /* Launch Screen.storyboard in Resources */,
				48A656EE1816468000746D36 /* Sunflower.gif in Resources */,
				25FDEA832188F60A00407816 /* AddCompanyVC.xib in Resources */,
				9E62FF221E4A33DC002D55B8 /* CompanyVC.xib in Resources */,
				9E62FF271E4A33F1002D55B8 /* ProductVC.xib in Resources */,
				48A656BF18163BF200746D36 /* InfoPlist.strings in Resources */,
				48A656C718163BF200746D36 /* Images.xcassets in Resources */,
				25FDEA93218A359100407816 /* CompanyTableViewCell.xib in Resources */,
				25FDEAA7218B636500407816 /* ProductDetailVC.xib in Resources */,
				25FDEA852188F62300407816 /* AddProductVC.xib in Resources */,
				25FDEA7F2188E6A900407816 /* HomeVC.xib in Resources */,
			);
			runOnlyForDeploymentPostprocessing = 0;
		};
		48A656CA18163BF200746D36 /* Resources */ = {
			isa = PBXResourcesBuildPhase;
			buildActionMask = 2147483647;
			files = (
				48A656D818163BF200746D36 /* InfoPlist.strings in Resources */,
			);
			runOnlyForDeploymentPostprocessing = 0;
		};
/* End PBXResourcesBuildPhase section */

/* Begin PBXSourcesBuildPhase section */
		48A656AD18163BF200746D36 /* Sources */ = {
			isa = PBXSourcesBuildPhase;
			buildActionMask = 2147483647;
			files = (
				25FDEAC72192317100407816 /* Model.xcdatamodel in Sources */,
				9E62FF211E4A33DC002D55B8 /* CompanyVC.m in Sources */,
				25FDEA6A2188BD9E00407816 /* Company.m in Sources */,
				48A656C518163BF200746D36 /* NavControllerAppDelegate.m in Sources */,
				25FDEA6D2188BDAD00407816 /* Product.m in Sources */,
				25FDEA9C218A3A6700407816 /* ProductListVC.m in Sources */,
				48A656C118163BF200746D36 /* main.m in Sources */,
				25FDEA92218A359100407816 /* CompanyTableViewCell.m in Sources */,
				25FDEA7E2188E6A900407816 /* HomeVC.m in Sources */,
				25FDEAAB2190C57A00407816 /* StockFetcher.m in Sources */,
				25FDEABC2191FD1100407816 /* iToast.m in Sources */,
				9E62FF261E4A33F1002D55B8 /* ProductVC.m in Sources */,
				25FDEAB22191F9A600407816 /* Reachability.m in Sources */,
				25FDEA8C2189FEB200407816 /* AppUtils.m in Sources */,
				25FDEAA0218B4FBE00407816 /* AddProductVC.m in Sources */,
				25FDEA882188F70200407816 /* AddCompanyVC.m in Sources */,
				25FDEA712188BED100407816 /* Manager.m in Sources */,
				25FDEAA6218B636500407816 /* ProductDetailVC.m in Sources */,
			);
			runOnlyForDeploymentPostprocessing = 0;
		};
		48A656C818163BF200746D36 /* Sources */ = {
			isa = PBXSourcesBuildPhase;
			buildActionMask = 2147483647;
			files = (
				48A656DA18163BF200746D36 /* NavCtrlTests.m in Sources */,
			);
			runOnlyForDeploymentPostprocessing = 0;
		};
/* End PBXSourcesBuildPhase section */

/* Begin PBXTargetDependency section */
		48A656D218163BF200746D36 /* PBXTargetDependency */ = {
			isa = PBXTargetDependency;
			target = 48A656B018163BF200746D36 /* NavCtrl */;
			targetProxy = 48A656D118163BF200746D36 /* PBXContainerItemProxy */;
		};
/* End PBXTargetDependency section */

/* Begin PBXVariantGroup section */
		48A656BD18163BF200746D36 /* InfoPlist.strings */ = {
			isa = PBXVariantGroup;
			children = (
				48A656BE18163BF200746D36 /* en */,
			);
			name = InfoPlist.strings;
			sourceTree = "<group>";
		};
		48A656D618163BF200746D36 /* InfoPlist.strings */ = {
			isa = PBXVariantGroup;
			children = (
				48A656D718163BF200746D36 /* en */,
			);
			name = InfoPlist.strings;
			sourceTree = "<group>";
		};
/* End PBXVariantGroup section */

/* Begin XCBuildConfiguration section */
		48A656DB18163BF200746D36 /* Debug */ = {
			isa = XCBuildConfiguration;
			buildSettings = {
				ALWAYS_SEARCH_USER_PATHS = NO;
				CLANG_CXX_LANGUAGE_STANDARD = "gnu++0x";
				CLANG_CXX_LIBRARY = "libc++";
				CLANG_ENABLE_MODULES = YES;
				CLANG_ENABLE_OBJC_ARC = YES;
				CLANG_WARN_BOOL_CONVERSION = YES;
				CLANG_WARN_CONSTANT_CONVERSION = YES;
				CLANG_WARN_DIRECT_OBJC_ISA_USAGE = YES_ERROR;
				CLANG_WARN_EMPTY_BODY = YES;
				CLANG_WARN_ENUM_CONVERSION = YES;
				CLANG_WARN_INFINITE_RECURSION = YES;
				CLANG_WARN_INT_CONVERSION = YES;
				CLANG_WARN_OBJC_ROOT_CLASS = YES_ERROR;
				CLANG_WARN_SUSPICIOUS_MOVE = YES;
				CLANG_WARN_UNREACHABLE_CODE = YES;
				CLANG_WARN__DUPLICATE_METHOD_MATCH = YES;
				"CODE_SIGN_IDENTITY[sdk=iphoneos*]" = "iPhone Developer";
				COPY_PHASE_STRIP = NO;
				ENABLE_STRICT_OBJC_MSGSEND = YES;
				ENABLE_TESTABILITY = YES;
				GCC_C_LANGUAGE_STANDARD = gnu99;
				GCC_DYNAMIC_NO_PIC = NO;
				GCC_NO_COMMON_BLOCKS = YES;
				GCC_OPTIMIZATION_LEVEL = 0;
				GCC_PREPROCESSOR_DEFINITIONS = (
					"DEBUG=1",
					"$(inherited)",
				);
				GCC_SYMBOLS_PRIVATE_EXTERN = NO;
				GCC_WARN_64_TO_32_BIT_CONVERSION = YES;
				GCC_WARN_ABOUT_RETURN_TYPE = YES_ERROR;
				GCC_WARN_UNDECLARED_SELECTOR = YES;
				GCC_WARN_UNINITIALIZED_AUTOS = YES;
				GCC_WARN_UNUSED_FUNCTION = YES;
				GCC_WARN_UNUSED_VARIABLE = YES;
				IPHONEOS_DEPLOYMENT_TARGET = 8.0;
				ONLY_ACTIVE_ARCH = YES;
				SDKROOT = iphoneos;
				TARGETED_DEVICE_FAMILY = 2;
			};
			name = Debug;
		};
		48A656DC18163BF200746D36 /* Release */ = {
			isa = XCBuildConfiguration;
			buildSettings = {
				ALWAYS_SEARCH_USER_PATHS = NO;
				CLANG_CXX_LANGUAGE_STANDARD = "gnu++0x";
				CLANG_CXX_LIBRARY = "libc++";
				CLANG_ENABLE_MODULES = YES;
				CLANG_ENABLE_OBJC_ARC = YES;
				CLANG_WARN_BOOL_CONVERSION = YES;
				CLANG_WARN_CONSTANT_CONVERSION = YES;
				CLANG_WARN_DIRECT_OBJC_ISA_USAGE = YES_ERROR;
				CLANG_WARN_EMPTY_BODY = YES;
				CLANG_WARN_ENUM_CONVERSION = YES;
				CLANG_WARN_INFINITE_RECURSION = YES;
				CLANG_WARN_INT_CONVERSION = YES;
				CLANG_WARN_OBJC_ROOT_CLASS = YES_ERROR;
				CLANG_WARN_SUSPICIOUS_MOVE = YES;
				CLANG_WARN_UNREACHABLE_CODE = YES;
				CLANG_WARN__DUPLICATE_METHOD_MATCH = YES;
				"CODE_SIGN_IDENTITY[sdk=iphoneos*]" = "iPhone Developer";
				COPY_PHASE_STRIP = YES;
				ENABLE_NS_ASSERTIONS = NO;
				ENABLE_STRICT_OBJC_MSGSEND = YES;
				GCC_C_LANGUAGE_STANDARD = gnu99;
				GCC_NO_COMMON_BLOCKS = YES;
				GCC_WARN_64_TO_32_BIT_CONVERSION = YES;
				GCC_WARN_ABOUT_RETURN_TYPE = YES_ERROR;
				GCC_WARN_UNDECLARED_SELECTOR = YES;
				GCC_WARN_UNINITIALIZED_AUTOS = YES;
				GCC_WARN_UNUSED_FUNCTION = YES;
				GCC_WARN_UNUSED_VARIABLE = YES;
				IPHONEOS_DEPLOYMENT_TARGET = 8.0;
				SDKROOT = iphoneos;
				TARGETED_DEVICE_FAMILY = 2;
				VALIDATE_PRODUCT = YES;
			};
			name = Release;
		};
		48A656DE18163BF200746D36 /* Debug */ = {
			isa = XCBuildConfiguration;
			buildSettings = {
				ASSETCATALOG_COMPILER_APPICON_NAME = AppIcon;
				ASSETCATALOG_COMPILER_LAUNCHIMAGE_NAME = LaunchImage;
				CLANG_ENABLE_OBJC_ARC = NO;
				GCC_PRECOMPILE_PREFIX_HEADER = YES;
				GCC_PREFIX_HEADER = "NavCtrl/NavCtrl-Prefix.pch";
				INFOPLIST_FILE = "NavCtrl/NavCtrl-Info.plist";
				IPHONEOS_DEPLOYMENT_TARGET = 9.0;
				PRODUCT_BUNDLE_IDENTIFIER = "turntotech.${PRODUCT_NAME:rfc1034identifier}";
				PRODUCT_NAME = "$(TARGET_NAME)";
				TARGETED_DEVICE_FAMILY = "1,2";
				WRAPPER_EXTENSION = app;
			};
			name = Debug;
		};
		48A656DF18163BF200746D36 /* Release */ = {
			isa = XCBuildConfiguration;
			buildSettings = {
				ASSETCATALOG_COMPILER_APPICON_NAME = AppIcon;
				ASSETCATALOG_COMPILER_LAUNCHIMAGE_NAME = LaunchImage;
				CLANG_ENABLE_OBJC_ARC = NO;
				GCC_PRECOMPILE_PREFIX_HEADER = YES;
				GCC_PREFIX_HEADER = "NavCtrl/NavCtrl-Prefix.pch";
				INFOPLIST_FILE = "NavCtrl/NavCtrl-Info.plist";
				IPHONEOS_DEPLOYMENT_TARGET = 9.0;
				PRODUCT_BUNDLE_IDENTIFIER = "turntotech.${PRODUCT_NAME:rfc1034identifier}";
				PRODUCT_NAME = "$(TARGET_NAME)";
				TARGETED_DEVICE_FAMILY = "1,2";
				WRAPPER_EXTENSION = app;
			};
			name = Release;
		};
		48A656E118163BF200746D36 /* Debug */ = {
			isa = XCBuildConfiguration;
			buildSettings = {
				BUNDLE_LOADER = "$(BUILT_PRODUCTS_DIR)/NavCtrl.app/NavCtrl";
				FRAMEWORK_SEARCH_PATHS = (
					"$(SDKROOT)/Developer/Library/Frameworks",
					"$(inherited)",
					"$(DEVELOPER_FRAMEWORKS_DIR)",
				);
				GCC_PRECOMPILE_PREFIX_HEADER = YES;
				GCC_PREFIX_HEADER = "NavCtrl/NavCtrl-Prefix.pch";
				GCC_PREPROCESSOR_DEFINITIONS = (
					"DEBUG=1",
					"$(inherited)",
				);
				INFOPLIST_FILE = "NavCtrlTests/NavCtrlTests-Info.plist";
				PRODUCT_BUNDLE_IDENTIFIER = "qcd.${PRODUCT_NAME:rfc1034identifier}";
				PRODUCT_NAME = "$(TARGET_NAME)";
				TEST_HOST = "$(BUNDLE_LOADER)";
				WRAPPER_EXTENSION = xctest;
			};
			name = Debug;
		};
		48A656E218163BF200746D36 /* Release */ = {
			isa = XCBuildConfiguration;
			buildSettings = {
				BUNDLE_LOADER = "$(BUILT_PRODUCTS_DIR)/NavCtrl.app/NavCtrl";
				FRAMEWORK_SEARCH_PATHS = (
					"$(SDKROOT)/Developer/Library/Frameworks",
					"$(inherited)",
					"$(DEVELOPER_FRAMEWORKS_DIR)",
				);
				GCC_PRECOMPILE_PREFIX_HEADER = YES;
				GCC_PREFIX_HEADER = "NavCtrl/NavCtrl-Prefix.pch";
				INFOPLIST_FILE = "NavCtrlTests/NavCtrlTests-Info.plist";
				PRODUCT_BUNDLE_IDENTIFIER = "qcd.${PRODUCT_NAME:rfc1034identifier}";
				PRODUCT_NAME = "$(TARGET_NAME)";
				TEST_HOST = "$(BUNDLE_LOADER)";
				WRAPPER_EXTENSION = xctest;
			};
			name = Release;
		};
/* End XCBuildConfiguration section */

/* Begin XCConfigurationList section */
		48A656AC18163BF200746D36 /* Build configuration list for PBXProject "NavCtrl" */ = {
			isa = XCConfigurationList;
			buildConfigurations = (
				48A656DB18163BF200746D36 /* Debug */,
				48A656DC18163BF200746D36 /* Release */,
			);
			defaultConfigurationIsVisible = 0;
			defaultConfigurationName = Release;
		};
		48A656DD18163BF200746D36 /* Build configuration list for PBXNativeTarget "NavCtrl" */ = {
			isa = XCConfigurationList;
			buildConfigurations = (
				48A656DE18163BF200746D36 /* Debug */,
				48A656DF18163BF200746D36 /* Release */,
			);
			defaultConfigurationIsVisible = 0;
			defaultConfigurationName = Release;
		};
		48A656E018163BF200746D36 /* Build configuration list for PBXNativeTarget "NavCtrlTests" */ = {
			isa = XCConfigurationList;
			buildConfigurations = (
				48A656E118163BF200746D36 /* Debug */,
				48A656E218163BF200746D36 /* Release */,
			);
			defaultConfigurationIsVisible = 0;
			defaultConfigurationName = Release;
		};
/* End XCConfigurationList section */
	};
	rootObject = 48A656A918163BF200746D36 /* Project object */;
}
